<?xml version="1.0" encoding="utf-8"?>
<Project ToolsVersion="4.0" xmlns="http://schemas.microsoft.com/developer/msbuild/2003">
  <ItemGroup>
    <Filter Include="Resource Files">
      <UniqueIdentifier>{67DA6AB6-F800-4c08-8B7A-83BB121AAD01}</UniqueIdentifier>
      <Extensions>rc;ico;cur;bmp;dlg;rc2;rct;bin;rgs;gif;jpg;jpeg;jpe;resx;tiff;tif;png;wav;mfcribbon-ms</Extensions>
    </Filter>
    <Filter Include="Resource Files\Shaders">
      <UniqueIdentifier>{8970841b-3a77-4548-813c-ca16bb491c94}</UniqueIdentifier>
    </Filter>
    <Filter Include="EngineCore">
      <UniqueIdentifier>{629a9ac1-86d8-4756-bc56-1940876fb0c7}</UniqueIdentifier>
    </Filter>
    <Filter Include="EngineCore\Renderer">
      <UniqueIdentifier>{acebb4a5-65fd-4d4c-8c2d-9a02e5c7366d}</UniqueIdentifier>
    </Filter>
    <Filter Include="EngineCore\Core">
      <UniqueIdentifier>{75de2734-e245-40c6-bb29-06ab6ce12639}</UniqueIdentifier>
    </Filter>
    <Filter Include="EngineCore\Core\Graphics">
      <UniqueIdentifier>{8febd9db-3d69-4858-84eb-6b3d6cf0335a}</UniqueIdentifier>
    </Filter>
    <Filter Include="EngineCore\Core\Maths">
      <UniqueIdentifier>{f2331767-9351-46bd-8c12-ec0ac505093f}</UniqueIdentifier>
    </Filter>
    <Filter Include="EngineCore\Core\Utility">
      <UniqueIdentifier>{3dafbdc4-85d6-43e5-a4ad-3255d8f63008}</UniqueIdentifier>
    </Filter>
    <Filter Include="EngineCore\Renderer\Core">
      <UniqueIdentifier>{797899e8-9b47-4930-bec3-2ff6a253c1ad}</UniqueIdentifier>
    </Filter>
    <Filter Include="EngineCore\Renderer\Graphics">
      <UniqueIdentifier>{5c0f2d04-1751-4a49-82ec-719fef860b14}</UniqueIdentifier>
    </Filter>
    <Filter Include="EngineCore\Renderer\Materials">
      <UniqueIdentifier>{a4588495-cfb1-456f-a2d4-865dec7717e6}</UniqueIdentifier>
    </Filter>
    <Filter Include="EngineCore\Renderer\Components">
      <UniqueIdentifier>{9d7c3d5d-50d0-42ca-9e5f-bd1eecd6de96}</UniqueIdentifier>
    </Filter>
  </ItemGroup>
  <ItemGroup>
    <Image Include="Resources\small.ico">
      <Filter>Resource Files</Filter>
    </Image>
    <Image Include="Resources\DirectTest.ico">
      <Filter>Resource Files</Filter>
    </Image>
  </ItemGroup>
  <ItemGroup>
    <ResourceCompile Include="Resources\DirectTest.rc">
      <Filter>Resource Files</Filter>
    </ResourceCompile>
  </ItemGroup>
  <ItemGroup>
    <FxCompile Include="Shaders\TextPixelShader.hlsl">
      <Filter>Resource Files\Shaders</Filter>
    </FxCompile>
    <FxCompile Include="Shaders\TextVertexShader.hlsl">
      <Filter>Resource Files\Shaders</Filter>
    </FxCompile>
    <FxCompile Include="Shaders\VertexShader.hlsl">
      <Filter>Resource Files\Shaders</Filter>
    </FxCompile>
    <FxCompile Include="Shaders\PixelShader.hlsl">
      <Filter>Resource Files\Shaders</Filter>
    </FxCompile>
  </ItemGroup>
  <ItemGroup>
    <ClCompile Include="EngineCore\Core\Graphics\Color.cpp">
      <Filter>EngineCore\Core\Graphics</Filter>
    </ClCompile>
    <ClCompile Include="EngineCore\Core\Maths\Frustum.cpp">
      <Filter>EngineCore\Core\Maths</Filter>
    </ClCompile>
    <ClCompile Include="EngineCore\Core\Maths\Random.cpp">
      <Filter>EngineCore\Core\Maths</Filter>
    </ClCompile>
    <ClCompile Include="EngineCore\Core\Utility\Time.cpp">
      <Filter>EngineCore\Core\Utility</Filter>
    </ClCompile>
    <ClCompile Include="EngineCore\Core\Utility\Utility.cpp">
      <Filter>EngineCore\Core\Utility</Filter>
    </ClCompile>
    <ClCompile Include="EngineCore\Core\Utility\FileUtility.cpp">
      <Filter>EngineCore\Core\Utility</Filter>
    </ClCompile>
    <ClCompile Include="EngineCore\Core\WinApplication.cpp">
      <Filter>EngineCore\Core</Filter>
    </ClCompile>
    <ClCompile Include="EngineCore\Renderer\Core\GraphicContext.cpp">
      <Filter>EngineCore\Renderer\Core</Filter>
    </ClCompile>
    <ClCompile Include="EngineCore\Renderer\Graphics\PipelineState.cpp">
      <Filter>EngineCore\Renderer\Graphics</Filter>
    </ClCompile>
    <ClCompile Include="EngineCore\Renderer\Graphics\RootSignature.cpp">
      <Filter>EngineCore\Renderer\Graphics</Filter>
    </ClCompile>
    <ClCompile Include="EngineCore\Renderer\Materials\StandardMaterial.cpp">
      <Filter>EngineCore\Renderer\Materials</Filter>
    </ClCompile>
    <ClCompile Include="Main.cpp" />
    <ClCompile Include="EngineCore\Renderer\Components\Mesh.cpp">
      <Filter>EngineCore\Renderer\Components</Filter>
    </ClCompile>
    <ClCompile Include="EngineCore\Core\EngineApp.cpp">
      <Filter>EngineCore\Core</Filter>
    </ClCompile>
    <ClCompile Include="EngineCore\Renderer\Graphics\TextureManager.cpp">
      <Filter>EngineCore\Renderer\Graphics</Filter>
    </ClCompile>
    <ClCompile Include="EngineCore\Renderer\Graphics\Texture2D.cpp">
      <Filter>EngineCore\Renderer\Graphics</Filter>
    </ClCompile>
    <ClCompile Include="EngineCore\Renderer\Graphics\DescriptorHeap.cpp">
      <Filter>EngineCore\Renderer\Graphics</Filter>
    </ClCompile>
    <ClCompile Include="EngineCore\Renderer\Graphics\GraphicsCore.cpp">
      <Filter>EngineCore\Renderer\Core</Filter>
    </ClCompile>
  </ItemGroup>
  <ItemGroup>
    <ClInclude Include="EngineCore\Core\Graphics\Color.h">
      <Filter>EngineCore\Core\Graphics</Filter>
    </ClInclude>
    <ClInclude Include="EngineCore\Core\Maths\BoundingSphere.h">
      <Filter>EngineCore\Core\Maths</Filter>
    </ClInclude>
    <ClInclude Include="EngineCore\Core\Maths\Common.h">
      <Filter>EngineCore\Core\Maths</Filter>
    </ClInclude>
    <ClInclude Include="EngineCore\Core\Maths\Frustum.h">
      <Filter>EngineCore\Core\Maths</Filter>
    </ClInclude>
    <ClInclude Include="EngineCore\Core\Maths\Matrix3.h">
      <Filter>EngineCore\Core\Maths</Filter>
    </ClInclude>
    <ClInclude Include="EngineCore\Core\Maths\Matrix4.h">
      <Filter>EngineCore\Core\Maths</Filter>
    </ClInclude>
    <ClInclude Include="EngineCore\Core\Maths\Quaternion.h">
      <Filter>EngineCore\Core\Maths</Filter>
    </ClInclude>
    <ClInclude Include="EngineCore\Core\Maths\Random.h">
      <Filter>EngineCore\Core\Maths</Filter>
    </ClInclude>
    <ClInclude Include="EngineCore\Core\Maths\Scalar.h">
      <Filter>EngineCore\Core\Maths</Filter>
    </ClInclude>
    <ClInclude Include="EngineCore\Core\Maths\Transform.h">
      <Filter>EngineCore\Core\Maths</Filter>
    </ClInclude>
    <ClInclude Include="EngineCore\Core\Maths\Vector.h">
      <Filter>EngineCore\Core\Maths</Filter>
    </ClInclude>
    <ClInclude Include="EngineCore\Core\Maths\VectorMath.h">
      <Filter>EngineCore\Core\Maths</Filter>
    </ClInclude>
    <ClInclude Include="EngineCore\Core\Maths\BoundingPlane.h">
      <Filter>EngineCore\Core\Maths</Filter>
    </ClInclude>
    <ClInclude Include="EngineCore\Core\Utility\FileUtility.h">
      <Filter>EngineCore\Core\Utility</Filter>
    </ClInclude>
    <ClInclude Include="EngineCore\Core\Utility\Hash.h">
      <Filter>EngineCore\Core\Utility</Filter>
    </ClInclude>
    <ClInclude Include="EngineCore\Core\Utility\Time.h">
      <Filter>EngineCore\Core\Utility</Filter>
    </ClInclude>
    <ClInclude Include="EngineCore\Core\Utility\Utility.h">
      <Filter>EngineCore\Core\Utility</Filter>
    </ClInclude>
    <ClInclude Include="EngineCore\Core\WinApplication.h">
      <Filter>EngineCore\Core</Filter>
    </ClInclude>
    <ClInclude Include="EngineCore\Renderer\Core\GraphicContext.h">
      <Filter>EngineCore\Renderer\Core</Filter>
    </ClInclude>
    <ClInclude Include="EngineCore\Renderer\Graphics\d3dx12.h">
      <Filter>EngineCore\Renderer\Graphics</Filter>
    </ClInclude>
    <ClInclude Include="EngineCore\Renderer\Graphics\DirectXHelper.h">
      <Filter>EngineCore\Renderer\Graphics</Filter>
    </ClInclude>
    <ClInclude Include="EngineCore\Renderer\Graphics\PipelineState.h">
      <Filter>EngineCore\Renderer\Graphics</Filter>
    </ClInclude>
    <ClInclude Include="EngineCore\Renderer\Graphics\RootSignature.h">
      <Filter>EngineCore\Renderer\Graphics</Filter>
    </ClInclude>
    <ClInclude Include="EngineCore\Renderer\Materials\Material.h">
      <Filter>EngineCore\Renderer\Materials</Filter>
    </ClInclude>
    <ClInclude Include="EngineCore\Renderer\Materials\StandardMaterial.h">
      <Filter>EngineCore\Renderer\Materials</Filter>
    </ClInclude>
    <ClInclude Include="EngineCore\Core\Common.h">
      <Filter>EngineCore\Core</Filter>
    </ClInclude>
    <ClInclude Include="resource.h" />
    <ClInclude Include="EngineCore\Renderer\Components\Mesh.h">
      <Filter>EngineCore\Renderer\Components</Filter>
    </ClInclude>
    <ClInclude Include="EngineCore\Core\EngineApp.h">
      <Filter>EngineCore\Core</Filter>
    </ClInclude>
    <ClInclude Include="EngineCore\Renderer\Graphics\TextureManager.h">
      <Filter>EngineCore\Renderer\Graphics</Filter>
    </ClInclude>
    <ClInclude Include="EngineCore\Renderer\Graphics\GpuResource.h">
      <Filter>EngineCore\Renderer\Graphics</Filter>
    </ClInclude>
    <ClInclude Include="EngineCore\Renderer\Graphics\Texture2D.h">
      <Filter>EngineCore\Renderer\Graphics</Filter>
    </ClInclude>
    <ClInclude Include="EngineCore\Renderer\Graphics\DescriptorHeap.h">
      <Filter>EngineCore\Renderer\Graphics</Filter>
    </ClInclude>
    <ClInclude Include="EngineCore\Renderer\Graphics\GraphicsCore.h">
      <Filter>EngineCore\Renderer\Core</Filter>
    </ClInclude>
  </ItemGroup>
  <ItemGroup>
    <None Include="EngineCore\Core\Maths\Functions.inl">
      <Filter>EngineCore\Core\Maths</Filter>
    </None>
  </ItemGroup>
</Project>