<?xml version="1.0" encoding="utf-8"?>
<Project ToolsVersion="4.0" xmlns="http://schemas.microsoft.com/developer/msbuild/2003">
  <ItemGroup>
    <Filter Include="Source Files">
      <UniqueIdentifier>{4FC737F1-C7A5-4376-A066-2A32D752A2FF}</UniqueIdentifier>
      <Extensions>cpp;c;cc;cxx;def;odl;idl;hpj;bat;asm;asmx</Extensions>
    </Filter>
    <Filter Include="Header Files">
      <UniqueIdentifier>{93995380-89BD-4b04-88EB-625FBE52EBFB}</UniqueIdentifier>
      <Extensions>h;hh;hpp;hxx;hm;inl;inc;xsd</Extensions>
    </Filter>
    <Filter Include="Resource Files">
      <UniqueIdentifier>{67DA6AB6-F800-4c08-8B7A-83BB121AAD01}</UniqueIdentifier>
      <Extensions>rc;ico;cur;bmp;dlg;rc2;rct;bin;rgs;gif;jpg;jpeg;jpe;resx;tiff;tif;png;wav;mfcribbon-ms</Extensions>
    </Filter>
    <Filter Include="Header Files\Renderer">
      <UniqueIdentifier>{f0227832-d5fe-4ec9-8b42-4e71ff552be4}</UniqueIdentifier>
    </Filter>
    <Filter Include="Source Files\Renderer">
      <UniqueIdentifier>{86f36d5b-e89e-4d4f-8f4f-161e23efe289}</UniqueIdentifier>
    </Filter>
    <Filter Include="Header Files\Game1">
      <UniqueIdentifier>{cbdd1a22-3ae4-402e-b5cc-33ed12bff834}</UniqueIdentifier>
    </Filter>
    <Filter Include="Source Files\Game1">
      <UniqueIdentifier>{e4dd891b-27ea-4353-b034-4883f83efc77}</UniqueIdentifier>
    </Filter>
    <Filter Include="Header Files\Core">
      <UniqueIdentifier>{abbfbfdc-74e2-40ed-8e76-6830ce69107f}</UniqueIdentifier>
    </Filter>
    <Filter Include="Source Files\Core">
      <UniqueIdentifier>{a16b563a-b659-4fcd-be2f-9711cb938ee4}</UniqueIdentifier>
    </Filter>
  </ItemGroup>
  <ItemGroup>
    <Text Include="ReadMe.txt" />
  </ItemGroup>
  <ItemGroup>
    <ClInclude Include="targetver.h">
      <Filter>Header Files</Filter>
    </ClInclude>
    <ClInclude Include="resource.h">
      <Filter>Header Files</Filter>
    </ClInclude>
    <ClInclude Include="Renderer\DirectRenderer.h">
      <Filter>Header Files\Renderer</Filter>
    </ClInclude>
    <ClInclude Include="Game1\TriangleGame.h">
      <Filter>Header Files\Game1</Filter>
    </ClInclude>
    <ClInclude Include="Core\EngineState.h">
      <Filter>Header Files\Core</Filter>
    </ClInclude>
    <ClInclude Include="Core\WinApplication.h">
      <Filter>Header Files\Core</Filter>
    </ClInclude>
    <ClInclude Include="Core\DirectXHelper.h">
      <Filter>Header Files\Core</Filter>
    </ClInclude>
  </ItemGroup>
  <ItemGroup>
    <ClCompile Include="Renderer\DirectRenderer.cpp">
      <Filter>Source Files\Renderer</Filter>
    </ClCompile>
    <ClCompile Include="Game1\TriangleGame.cpp">
      <Filter>Source Files\Game1</Filter>
    </ClCompile>
    <ClCompile Include="Core\WinApplication.cpp">
      <Filter>Source Files\Core</Filter>
    </ClCompile>
    <ClCompile Include="Core\EngineState.cpp">
      <Filter>Source Files\Core</Filter>
    </ClCompile>
    <ClCompile Include="Main.cpp">
      <Filter>Source Files</Filter>
    </ClCompile>
  </ItemGroup>
  <ItemGroup>
    <Image Include="Resources\small.ico">
      <Filter>Resource Files</Filter>
    </Image>
    <Image Include="Resources\DirectTest.ico">
      <Filter>Resource Files</Filter>
    </Image>
  </ItemGroup>
  <ItemGroup>
    <ResourceCompile Include="Resources\DirectTest.rc">
      <Filter>Resource Files</Filter>
    </ResourceCompile>
  </ItemGroup>
  <ItemGroup>
    <CustomBuild Include="Resources\Shader.hlsl">
      <Filter>Resource Files</Filter>
    </CustomBuild>
  </ItemGroup>
</Project>